
Microsoft Visual Studio Solution File, Format Version 12.00
# Visual Studio Version 16
VisualStudioVersion = 16.0.29020.237
MinimumVisualStudioVersion = 10.0.40219.1
Project("{FAE04EC0-301F-11D3-BF4B-00C04F79EFBC}") = "DbConsole", "DbConsole\DbConsole.csproj", "{0336D7F0-CC76-43C0-89F3-24C38E60C12A}"
EndProject
Global
	GlobalSection(SolutionConfigurationPlatforms) = preSolution
		Debug|Any CPU = Debug|Any CPU
		Release|Any CPU = Release|Any CPU
	EndGlobalSection
	GlobalSection(ProjectConfigurationPlatforms) = postSolution
		{0336D7F0-CC76-43C0-89F3-24C38E60C12A}.Debug|Any CPU.ActiveCfg = Debug|Any CPU
		{0336D7F0-CC76-43C0-89F3-24C38E60C12A}.Debug|Any CPU.Build.0 = Debug|Any CPU
		{0336D7F0-CC76-43C0-89F3-24C38E60C12A}.Release|Any CPU.ActiveCfg = Release|Any CPU
		{0336D7F0-CC76-43C0-89F3-24C38E60C12A}.Release|Any CPU.Build.0 = Release|Any CPU
	EndGlobalSection
	GlobalSection(SolutionProperties) = preSolution
		HideSolutionNode = FALSE
	EndGlobalSection
	GlobalSection(ExtensibilityGlobals) = postSolution
		SolutionGuid = {F5DB4413-D025-42CF-A861-7371EF0A50F6}
	EndGlobalSection
EndGlobal
